<?xml version="1.0" encoding="utf-8"?>
<Project ToolsVersion="12.0" xmlns="http://schemas.microsoft.com/developer/msbuild/2003">
  <ItemGroup>
    <ClCompile Include="D:\HW2\PPUViewer2021_bin\PPUViewer_autogen\mocs_compilation.cpp">
      <Filter>Source Files</Filter>
    </ClCompile>
    <ClCompile Include="D:\HW2\PPUViewer2021\main.cpp">
      <Filter>Source Files</Filter>
    </ClCompile>
    <ClCompile Include="D:\HW2\PPUViewer2021\PPUViewer.cpp">
      <Filter>Source Files</Filter>
    </ClCompile>
    <ClCompile Include="D:\HW2\PPUViewer2021\RenderWidget.cpp">
      <Filter>Source Files</Filter>
    </ClCompile>
  </ItemGroup>
  <ItemGroup>
    <ClInclude Include="D:\HW2\PPUViewer2021\PPUViewer.h">
      <Filter>Header Files</Filter>
    </ClInclude>
    <ClInclude Include="D:\HW2\PPUViewer2021\RenderWidget.h">
      <Filter>Header Files</Filter>
    </ClInclude>
  </ItemGroup>
  <ItemGroup>
    <CustomBuild Include="D:\HW2\PPUViewer2021\CMakeLists.txt" />
  </ItemGroup>
  <ItemGroup>
    <Filter Include="Header Files">
      <UniqueIdentifier>{489C1FE1-6E13-3917-9B11-D5CB66AE7DB1}</UniqueIdentifier>
    </Filter>
    <Filter Include="Source Files">
      <UniqueIdentifier>{B17C7A94-041F-334C-9686-12211A00B9E5}</UniqueIdentifier>
    </Filter>
  </ItemGroup>
</Project>
